
Microsoft Visual Studio Solution File, Format Version 12.00
# Visual Studio Version 17
VisualStudioVersion = 17.7.34024.191
MinimumVisualStudioVersion = 10.0.40219.1
Project("{8BC9CEB8-8B4A-11D0-8D11-00A0C91BC942}") = "coursework_console", "coursework_console\coursework_console.vcxproj", "{47375484-CFCA-4B08-B8D5-F8F9D5EAD31A}"
EndProject
Project("{8BC9CEB8-8B4A-11D0-8D11-00A0C91BC942}") = "coursework_winforms", "coursework_winforms\coursework_winforms.vcxproj", "{0A2A9C9C-7F30-47AF-9C3D-FF30B86BEFC6}"
EndProject
Global
	GlobalSection(SolutionConfigurationPlatforms) = preSolution
		Debug|x64 = Debug|x64
		Debug|x86 = Debug|x86
		Release|x64 = Release|x64
		Release|x86 = Release|x86
	EndGlobalSection
	GlobalSection(ProjectConfigurationPlatforms) = postSolution
		{47375484-CFCA-4B08-B8D5-F8F9D5EAD31A}.Debug|x64.ActiveCfg = Debug|x64
		{47375484-CFCA-4B08-B8D5-F8F9D5EAD31A}.Debug|x64.Build.0 = Debug|x64
		{47375484-CFCA-4B08-B8D5-F8F9D5EAD31A}.Debug|x86.ActiveCfg = Debug|Win32
		{47375484-CFCA-4B08-B8D5-F8F9D5EAD31A}.Debug|x86.Build.0 = Debug|Win32
		{47375484-CFCA-4B08-B8D5-F8F9D5EAD31A}.Release|x64.ActiveCfg = Release|x64
		{47375484-CFCA-4B08-B8D5-F8F9D5EAD31A}.Release|x64.Build.0 = Release|x64
		{47375484-CFCA-4B08-B8D5-F8F9D5EAD31A}.Release|x86.ActiveCfg = Release|Win32
		{47375484-CFCA-4B08-B8D5-F8F9D5EAD31A}.Release|x86.Build.0 = Release|Win32
		{0A2A9C9C-7F30-47AF-9C3D-FF30B86BEFC6}.Debug|x64.ActiveCfg = Debug|x64
		{0A2A9C9C-7F30-47AF-9C3D-FF30B86BEFC6}.Debug|x64.Build.0 = Debug|x64
		{0A2A9C9C-7F30-47AF-9C3D-FF30B86BEFC6}.Debug|x86.ActiveCfg = Debug|Win32
		{0A2A9C9C-7F30-47AF-9C3D-FF30B86BEFC6}.Debug|x86.Build.0 = Debug|Win32
		{0A2A9C9C-7F30-47AF-9C3D-FF30B86BEFC6}.Release|x64.ActiveCfg = Release|x64
		{0A2A9C9C-7F30-47AF-9C3D-FF30B86BEFC6}.Release|x64.Build.0 = Release|x64
		{0A2A9C9C-7F30-47AF-9C3D-FF30B86BEFC6}.Release|x86.ActiveCfg = Release|Win32
		{0A2A9C9C-7F30-47AF-9C3D-FF30B86BEFC6}.Release|x86.Build.0 = Release|Win32
	EndGlobalSection
	GlobalSection(SolutionProperties) = preSolution
		HideSolutionNode = FALSE
	EndGlobalSection
	GlobalSection(ExtensibilityGlobals) = postSolution
		SolutionGuid = {57F56C07-B8B4-4406-AC04-C97C77361A18}
	EndGlobalSection
EndGlobal
