<?xml version="1.0" encoding="utf-8"?>
<Project ToolsVersion="4.0" xmlns="http://schemas.microsoft.com/developer/msbuild/2003">
  <ItemGroup>
    <Filter Include="Source Files">
      <UniqueIdentifier>{4FC737F1-C7A5-4376-A066-2A32D752A2FF}</UniqueIdentifier>
      <Extensions>cpp;c;cc;cxx;c++;cppm;ixx;def;odl;idl;hpj;bat;asm;asmx</Extensions>
    </Filter>
    <Filter Include="Header Files">
      <UniqueIdentifier>{93995380-89BD-4b04-88EB-625FBE52EBFB}</UniqueIdentifier>
      <Extensions>h;hh;hpp;hxx;h++;hm;inl;inc;ipp;xsd</Extensions>
    </Filter>
    <Filter Include="Resource Files">
      <UniqueIdentifier>{67DA6AB6-F800-4c08-8B7A-83BB121AAD01}</UniqueIdentifier>
      <Extensions>rc;ico;cur;bmp;dlg;rc2;rct;bin;rgs;gif;jpg;jpeg;jpe;resx;tiff;tif;png;wav;mfcribbon-ms</Extensions>
    </Filter>
  </ItemGroup>
  <ItemGroup>
    <ClCompile Include="coursework_console.cpp">
      <Filter>Source Files</Filter>
    </ClCompile>
    <ClCompile Include="OrderComponents\CPU.cpp">
      <Filter>Source Files</Filter>
    </ClCompile>
    <ClCompile Include="OrderComponents\GPU.cpp">
      <Filter>Source Files</Filter>
    </ClCompile>
    <ClCompile Include="OrderComponents\RAM.cpp">
      <Filter>Source Files</Filter>
    </ClCompile>
    <ClCompile Include="OrderComponents\Motherboard.cpp">
      <Filter>Source Files</Filter>
    </ClCompile>
    <ClCompile Include="OrderComponents\Display.cpp">
      <Filter>Source Files</Filter>
    </ClCompile>
    <ClCompile Include="OrderComponents\Laptop.cpp">
      <Filter>Source Files</Filter>
    </ClCompile>
    <ClCompile Include="OrderComponents\HDD.cpp">
      <Filter>Source Files</Filter>
    </ClCompile>
    <ClCompile Include="OrderComponents\SSD.cpp">
      <Filter>Source Files</Filter>
    </ClCompile>
    <ClCompile Include="OrderComponents\DataStorage.cpp">
      <Filter>Source Files</Filter>
    </ClCompile>
    <ClCompile Include="MenuComponents\Buttons\Button.cpp">
      <Filter>Source Files</Filter>
    </ClCompile>
    <ClCompile Include="MenuComponents\Buttons\ExitButton.cpp">
      <Filter>Source Files</Filter>
    </ClCompile>
    <ClCompile Include="MenuComponents\Menus\Menu.cpp">
      <Filter>Source Files</Filter>
    </ClCompile>
    <ClCompile Include="MenuComponents\Menus\MenuBuilder.cpp">
      <Filter>Source Files</Filter>
    </ClCompile>
    <ClCompile Include="MenuComponents\Menus\MenuDirector.cpp">
      <Filter>Source Files</Filter>
    </ClCompile>
    <ClCompile Include="MenuComponents\Menus\StandartMenuDirector.cpp">
      <Filter>Source Files</Filter>
    </ClCompile>
    <ClCompile Include="MenuComponents\Buttons\ChooseFileButton.cpp">
      <Filter>Source Files</Filter>
    </ClCompile>
    <ClCompile Include="MenuComponents\FileInfo.cpp">
      <Filter>Source Files</Filter>
    </ClCompile>
    <ClCompile Include="MenuComponents\Table.cpp">
      <Filter>Source Files</Filter>
    </ClCompile>
    <ClCompile Include="OrderComponents\Order.cpp">
      <Filter>Source Files</Filter>
    </ClCompile>
    <ClCompile Include="MenuComponents\Buttons\OpenMenuButton.cpp">
      <Filter>Source Files</Filter>
    </ClCompile>
    <ClCompile Include="MenuComponents\Menus\MenuWithTable.cpp">
      <Filter>Source Files</Filter>
    </ClCompile>
    <ClCompile Include="MenuComponents\Buttons\BackButton.cpp">
      <Filter>Source Files</Filter>
    </ClCompile>
    <ClCompile Include="MenuComponents\Buttons\PlayGameButton.cpp">
      <Filter>Source Files</Filter>
    </ClCompile>
    <ClCompile Include="MenuComponents\Buttons\ShowTableButton.cpp">
      <Filter>Source Files</Filter>
    </ClCompile>
    <ClCompile Include="MenuComponents\Buttons\AddDataButton.cpp">
      <Filter>Source Files</Filter>
    </ClCompile>
    <ClCompile Include="MenuComponents\OrdersData.cpp">
      <Filter>Source Files</Filter>
    </ClCompile>
    <ClCompile Include="MenuComponents\Buttons\DeleteDataButton.cpp">
      <Filter>Source Files</Filter>
    </ClCompile>
    <ClCompile Include="MenuComponents\Buttons\ChooseOrderButton.cpp">
      <Filter>Source Files</Filter>
    </ClCompile>
    <ClCompile Include="MenuComponents\Menus\ChangeOrderMenu.cpp">
      <Filter>Source Files</Filter>
    </ClCompile>
    <ClCompile Include="MenuComponents\Buttons\ChangeOrderButton.cpp">
      <Filter>Source Files</Filter>
    </ClCompile>
    <ClCompile Include="MenuComponents\Buttons\FindOrderButton.cpp">
      <Filter>Source Files</Filter>
    </ClCompile>
    <ClCompile Include="MenuComponents\Buttons\BoostComponentButton.cpp">
      <Filter>Source Files</Filter>
    </ClCompile>
    <ClCompile Include="MenuComponents\Logger.cpp">
      <Filter>Source Files</Filter>
    </ClCompile>
  </ItemGroup>
  <ItemGroup>
    <ClInclude Include="OrderComponents\CPU.h">
      <Filter>Header Files</Filter>
    </ClInclude>
    <ClInclude Include="OrderComponents\GPU.h">
      <Filter>Header Files</Filter>
    </ClInclude>
    <ClInclude Include="OrderComponents\RAM.h">
      <Filter>Header Files</Filter>
    </ClInclude>
    <ClInclude Include="OrderComponents\Motherboard.h">
      <Filter>Header Files</Filter>
    </ClInclude>
    <ClInclude Include="OrderComponents\Display.h">
      <Filter>Header Files</Filter>
    </ClInclude>
    <ClInclude Include="OrderComponents\Laptop.h">
      <Filter>Header Files</Filter>
    </ClInclude>
    <ClInclude Include="OrderComponents\Order.h">
      <Filter>Header Files</Filter>
    </ClInclude>
    <ClInclude Include="OrderComponents\HDD.h">
      <Filter>Header Files</Filter>
    </ClInclude>
    <ClInclude Include="OrderComponents\SSD.h">
      <Filter>Header Files</Filter>
    </ClInclude>
    <ClInclude Include="OrderComponents\DataTransferInterface.h">
      <Filter>Header Files</Filter>
    </ClInclude>
    <ClInclude Include="OrderComponents\RAMType.h">
      <Filter>Header Files</Filter>
    </ClInclude>
    <ClInclude Include="OrderComponents\FlashMemoryType.h">
      <Filter>Header Files</Filter>
    </ClInclude>
    <ClInclude Include="OrderComponents\StatusType.h">
      <Filter>Header Files</Filter>
    </ClInclude>
    <ClInclude Include="OrderComponents\DataStorage.h">
      <Filter>Header Files</Filter>
    </ClInclude>
    <ClInclude Include="OrderComponents\LaptopComponent.h">
      <Filter>Header Files</Filter>
    </ClInclude>
    <ClInclude Include="MenuComponents\Buttons\Button.h">
      <Filter>Header Files</Filter>
    </ClInclude>
    <ClInclude Include="MenuComponents\Buttons\ExitButton.h">
      <Filter>Header Files</Filter>
    </ClInclude>
    <ClInclude Include="MenuComponents\Menus\Menu.h">
      <Filter>Header Files</Filter>
    </ClInclude>
    <ClInclude Include="MenuComponents\Menus\MenuBuilder.h">
      <Filter>Header Files</Filter>
    </ClInclude>
    <ClInclude Include="MenuComponents\Menus\MenuDirector.h">
      <Filter>Header Files</Filter>
    </ClInclude>
    <ClInclude Include="MenuComponents\Menus\StandartMenuDirector.h">
      <Filter>Header Files</Filter>
    </ClInclude>
    <ClInclude Include="MenuComponents\Buttons\ChooseFileButton.h">
      <Filter>Header Files</Filter>
    </ClInclude>
    <ClInclude Include="MenuComponents\FileInfo.h">
      <Filter>Header Files</Filter>
    </ClInclude>
    <ClInclude Include="MenuComponents\Table.h">
      <Filter>Header Files</Filter>
    </ClInclude>
    <ClInclude Include="MenuComponents\Buttons\OpenMenuButton.h">
      <Filter>Header Files</Filter>
    </ClInclude>
    <ClInclude Include="MenuComponents\Menus\MenuWithTable.h">
      <Filter>Header Files</Filter>
    </ClInclude>
    <ClInclude Include="MenuComponents\Buttons\BackButton.h">
      <Filter>Header Files</Filter>
    </ClInclude>
    <ClInclude Include="MenuComponents\Buttons\PlayGameButton.h">
      <Filter>Header Files</Filter>
    </ClInclude>
    <ClInclude Include="MenuComponents\Buttons\ShowTableButton.h">
      <Filter>Header Files</Filter>
    </ClInclude>
    <ClInclude Include="MenuComponents\Buttons\AddDataButton.h">
      <Filter>Header Files</Filter>
    </ClInclude>
    <ClInclude Include="MenuComponents\OrdersData.h">
      <Filter>Header Files</Filter>
    </ClInclude>
    <ClInclude Include="MenuComponents\Buttons\DeleteDataButton.h">
      <Filter>Header Files</Filter>
    </ClInclude>
    <ClInclude Include="MenuComponents\Buttons\ChooseOrderButton.h">
      <Filter>Header Files</Filter>
    </ClInclude>
    <ClInclude Include="MenuComponents\Menus\ChangeOrderMenu.h">
      <Filter>Header Files</Filter>
    </ClInclude>
    <ClInclude Include="MenuComponents\Buttons\ChangeOrderButton.h">
      <Filter>Header Files</Filter>
    </ClInclude>
    <ClInclude Include="MenuComponents\ChangableObject.h">
      <Filter>Header Files</Filter>
    </ClInclude>
    <ClInclude Include="MenuComponents\Buttons\FindOrderButton.h">
      <Filter>Header Files</Filter>
    </ClInclude>
    <ClInclude Include="MenuComponents\Buttons\BoostComponentButton.h">
      <Filter>Header Files</Filter>
    </ClInclude>
    <ClInclude Include="MenuComponents\Logger.h">
      <Filter>Header Files</Filter>
    </ClInclude>
    <ClInclude Include="MenuComponents\OrderOperation.h">
      <Filter>Header Files</Filter>
    </ClInclude>
  </ItemGroup>
</Project>